
Microsoft Visual Studio Solution File, Format Version 12.00
# Visual Studio 2012
Project("{FAE04EC0-301F-11D3-BF4B-00C04F79EFBC}") = "TicketsDemo", "src\TicketsDemo\TicketsDemo.csproj", "{28A1D9CA-79D9-489C-A488-15E3315DA8D6}"
EndProject
Project("{FAE04EC0-301F-11D3-BF4B-00C04F79EFBC}") = "TicketsDemo.Droid", "src\TicketsDemo.Droid\TicketsDemo.Droid.csproj", "{461C07C0-103F-4BF9-BA23-983EFEC1A960}"
EndProject
Project("{FAE04EC0-301F-11D3-BF4B-00C04F79EFBC}") = "TicketsDemo.iOS", "src\TicketsDemo.iOS\TicketsDemo.iOS.csproj", "{314708FC-58B3-4A65-AE48-3D0F853ADCF2}"
EndProject
Project("{FAE04EC0-301F-11D3-BF4B-00C04F79EFBC}") = "TicketsDemo.Services", "src\TicketsDemo.Services\TicketsDemo.Services.csproj", "{39D519AF-B4F0-486C-8320-CED324765D79}"
EndProject
Project("{FAE04EC0-301F-11D3-BF4B-00C04F79EFBC}") = "TicketsDemo.Models", "src\TicketsDemo.Models\TicketsDemo.Models.csproj", "{73A254AA-6308-4847-A9AE-B0DD7C14651E}"
EndProject
Project("{FAE04EC0-301F-11D3-BF4B-00C04F79EFBC}") = "TicketsDemo.Common", "src\TicketsDemo.Common\TicketsDemo.Common.csproj", "{4B9885AE-4D3D-4353-B5BE-1D669DB6033D}"
EndProject
Global
	GlobalSection(SolutionConfigurationPlatforms) = preSolution
		Debug|Any CPU = Debug|Any CPU
		Release|Any CPU = Release|Any CPU
		Mock|Any CPU = Mock|Any CPU
		Debug|iPhoneSimulator = Debug|iPhoneSimulator
		Release|iPhoneSimulator = Release|iPhoneSimulator
		Debug|iPhone = Debug|iPhone
		Release|iPhone = Release|iPhone
		Ad-Hoc|iPhone = Ad-Hoc|iPhone
		AppStore|iPhone = AppStore|iPhone
		Mock|iPhoneSimulator = Mock|iPhoneSimulator
		Mock|iPhone = Mock|iPhone
	EndGlobalSection
	GlobalSection(ProjectConfigurationPlatforms) = postSolution
		{28A1D9CA-79D9-489C-A488-15E3315DA8D6}.Debug|Any CPU.ActiveCfg = Debug|Any CPU
		{28A1D9CA-79D9-489C-A488-15E3315DA8D6}.Debug|Any CPU.Build.0 = Debug|Any CPU
		{28A1D9CA-79D9-489C-A488-15E3315DA8D6}.Release|Any CPU.ActiveCfg = Release|Any CPU
		{28A1D9CA-79D9-489C-A488-15E3315DA8D6}.Release|Any CPU.Build.0 = Release|Any CPU
		{28A1D9CA-79D9-489C-A488-15E3315DA8D6}.Mock|Any CPU.ActiveCfg = Debug|Any CPU
		{28A1D9CA-79D9-489C-A488-15E3315DA8D6}.Mock|Any CPU.Build.0 = Debug|Any CPU
		{28A1D9CA-79D9-489C-A488-15E3315DA8D6}.Debug|iPhoneSimulator.ActiveCfg = Debug|Any CPU
		{28A1D9CA-79D9-489C-A488-15E3315DA8D6}.Debug|iPhoneSimulator.Build.0 = Debug|Any CPU
		{28A1D9CA-79D9-489C-A488-15E3315DA8D6}.Release|iPhoneSimulator.ActiveCfg = Release|Any CPU
		{28A1D9CA-79D9-489C-A488-15E3315DA8D6}.Release|iPhoneSimulator.Build.0 = Release|Any CPU
		{28A1D9CA-79D9-489C-A488-15E3315DA8D6}.Debug|iPhone.ActiveCfg = Debug|Any CPU
		{28A1D9CA-79D9-489C-A488-15E3315DA8D6}.Debug|iPhone.Build.0 = Debug|Any CPU
		{28A1D9CA-79D9-489C-A488-15E3315DA8D6}.Release|iPhone.ActiveCfg = Release|Any CPU
		{28A1D9CA-79D9-489C-A488-15E3315DA8D6}.Release|iPhone.Build.0 = Release|Any CPU
		{28A1D9CA-79D9-489C-A488-15E3315DA8D6}.Ad-Hoc|iPhone.ActiveCfg = Debug|Any CPU
		{28A1D9CA-79D9-489C-A488-15E3315DA8D6}.Ad-Hoc|iPhone.Build.0 = Debug|Any CPU
		{28A1D9CA-79D9-489C-A488-15E3315DA8D6}.AppStore|iPhone.ActiveCfg = Debug|Any CPU
		{28A1D9CA-79D9-489C-A488-15E3315DA8D6}.AppStore|iPhone.Build.0 = Debug|Any CPU
		{28A1D9CA-79D9-489C-A488-15E3315DA8D6}.Mock|iPhoneSimulator.ActiveCfg = Debug|Any CPU
		{28A1D9CA-79D9-489C-A488-15E3315DA8D6}.Mock|iPhoneSimulator.Build.0 = Debug|Any CPU
		{28A1D9CA-79D9-489C-A488-15E3315DA8D6}.Mock|iPhone.ActiveCfg = Debug|Any CPU
		{28A1D9CA-79D9-489C-A488-15E3315DA8D6}.Mock|iPhone.Build.0 = Debug|Any CPU
		{461C07C0-103F-4BF9-BA23-983EFEC1A960}.Debug|Any CPU.ActiveCfg = Debug|Any CPU
		{461C07C0-103F-4BF9-BA23-983EFEC1A960}.Debug|Any CPU.Build.0 = Debug|Any CPU
		{461C07C0-103F-4BF9-BA23-983EFEC1A960}.Release|Any CPU.ActiveCfg = Release|Any CPU
		{461C07C0-103F-4BF9-BA23-983EFEC1A960}.Release|Any CPU.Build.0 = Release|Any CPU
		{461C07C0-103F-4BF9-BA23-983EFEC1A960}.Mock|Any CPU.ActiveCfg = Mock|Any CPU
		{461C07C0-103F-4BF9-BA23-983EFEC1A960}.Mock|Any CPU.Build.0 = Mock|Any CPU
		{461C07C0-103F-4BF9-BA23-983EFEC1A960}.Debug|iPhoneSimulator.ActiveCfg = Debug|Any CPU
		{461C07C0-103F-4BF9-BA23-983EFEC1A960}.Debug|iPhoneSimulator.Build.0 = Debug|Any CPU
		{461C07C0-103F-4BF9-BA23-983EFEC1A960}.Release|iPhoneSimulator.ActiveCfg = Release|Any CPU
		{461C07C0-103F-4BF9-BA23-983EFEC1A960}.Release|iPhoneSimulator.Build.0 = Release|Any CPU
		{461C07C0-103F-4BF9-BA23-983EFEC1A960}.Debug|iPhone.ActiveCfg = Debug|Any CPU
		{461C07C0-103F-4BF9-BA23-983EFEC1A960}.Debug|iPhone.Build.0 = Debug|Any CPU
		{461C07C0-103F-4BF9-BA23-983EFEC1A960}.Release|iPhone.ActiveCfg = Release|Any CPU
		{461C07C0-103F-4BF9-BA23-983EFEC1A960}.Release|iPhone.Build.0 = Release|Any CPU
		{461C07C0-103F-4BF9-BA23-983EFEC1A960}.Ad-Hoc|iPhone.ActiveCfg = Debug|Any CPU
		{461C07C0-103F-4BF9-BA23-983EFEC1A960}.Ad-Hoc|iPhone.Build.0 = Debug|Any CPU
		{461C07C0-103F-4BF9-BA23-983EFEC1A960}.AppStore|iPhone.ActiveCfg = Debug|Any CPU
		{461C07C0-103F-4BF9-BA23-983EFEC1A960}.AppStore|iPhone.Build.0 = Debug|Any CPU
		{461C07C0-103F-4BF9-BA23-983EFEC1A960}.Mock|iPhoneSimulator.ActiveCfg = Mock|Any CPU
		{461C07C0-103F-4BF9-BA23-983EFEC1A960}.Mock|iPhoneSimulator.Build.0 = Mock|Any CPU
		{461C07C0-103F-4BF9-BA23-983EFEC1A960}.Mock|iPhone.ActiveCfg = Mock|Any CPU
		{461C07C0-103F-4BF9-BA23-983EFEC1A960}.Mock|iPhone.Build.0 = Mock|Any CPU
		{314708FC-58B3-4A65-AE48-3D0F853ADCF2}.Debug|Any CPU.ActiveCfg = Debug|iPhoneSimulator
		{314708FC-58B3-4A65-AE48-3D0F853ADCF2}.Debug|Any CPU.Build.0 = Debug|iPhoneSimulator
		{314708FC-58B3-4A65-AE48-3D0F853ADCF2}.Release|Any CPU.ActiveCfg = Release|iPhoneSimulator
		{314708FC-58B3-4A65-AE48-3D0F853ADCF2}.Release|Any CPU.Build.0 = Release|iPhoneSimulator
		{314708FC-58B3-4A65-AE48-3D0F853ADCF2}.Mock|Any CPU.ActiveCfg = Mock|iPhoneSimulator
		{314708FC-58B3-4A65-AE48-3D0F853ADCF2}.Mock|Any CPU.Build.0 = Mock|iPhoneSimulator
		{314708FC-58B3-4A65-AE48-3D0F853ADCF2}.Debug|iPhoneSimulator.ActiveCfg = Debug|iPhoneSimulator
		{314708FC-58B3-4A65-AE48-3D0F853ADCF2}.Debug|iPhoneSimulator.Build.0 = Debug|iPhoneSimulator
		{314708FC-58B3-4A65-AE48-3D0F853ADCF2}.Release|iPhoneSimulator.ActiveCfg = Release|iPhoneSimulator
		{314708FC-58B3-4A65-AE48-3D0F853ADCF2}.Release|iPhoneSimulator.Build.0 = Release|iPhoneSimulator
		{314708FC-58B3-4A65-AE48-3D0F853ADCF2}.Debug|iPhone.ActiveCfg = Debug|iPhone
		{314708FC-58B3-4A65-AE48-3D0F853ADCF2}.Debug|iPhone.Build.0 = Debug|iPhone
		{314708FC-58B3-4A65-AE48-3D0F853ADCF2}.Release|iPhone.ActiveCfg = Release|iPhone
		{314708FC-58B3-4A65-AE48-3D0F853ADCF2}.Release|iPhone.Build.0 = Release|iPhone
		{314708FC-58B3-4A65-AE48-3D0F853ADCF2}.Ad-Hoc|iPhone.ActiveCfg = Ad-Hoc|iPhone
		{314708FC-58B3-4A65-AE48-3D0F853ADCF2}.Ad-Hoc|iPhone.Build.0 = Ad-Hoc|iPhone
		{314708FC-58B3-4A65-AE48-3D0F853ADCF2}.AppStore|iPhone.ActiveCfg = AppStore|iPhone
		{314708FC-58B3-4A65-AE48-3D0F853ADCF2}.AppStore|iPhone.Build.0 = AppStore|iPhone
		{314708FC-58B3-4A65-AE48-3D0F853ADCF2}.Mock|iPhoneSimulator.ActiveCfg = Mock|iPhoneSimulator
		{314708FC-58B3-4A65-AE48-3D0F853ADCF2}.Mock|iPhoneSimulator.Build.0 = Mock|iPhoneSimulator
		{314708FC-58B3-4A65-AE48-3D0F853ADCF2}.Mock|iPhone.ActiveCfg = Mock|iPhone
		{314708FC-58B3-4A65-AE48-3D0F853ADCF2}.Mock|iPhone.Build.0 = Mock|iPhone
		{39D519AF-B4F0-486C-8320-CED324765D79}.Debug|Any CPU.ActiveCfg = Debug|Any CPU
		{39D519AF-B4F0-486C-8320-CED324765D79}.Debug|Any CPU.Build.0 = Debug|Any CPU
		{39D519AF-B4F0-486C-8320-CED324765D79}.Release|Any CPU.ActiveCfg = Release|Any CPU
		{39D519AF-B4F0-486C-8320-CED324765D79}.Release|Any CPU.Build.0 = Release|Any CPU
		{39D519AF-B4F0-486C-8320-CED324765D79}.Mock|Any CPU.ActiveCfg = Debug|Any CPU
		{39D519AF-B4F0-486C-8320-CED324765D79}.Mock|Any CPU.Build.0 = Debug|Any CPU
		{39D519AF-B4F0-486C-8320-CED324765D79}.Debug|iPhoneSimulator.ActiveCfg = Debug|Any CPU
		{39D519AF-B4F0-486C-8320-CED324765D79}.Debug|iPhoneSimulator.Build.0 = Debug|Any CPU
		{39D519AF-B4F0-486C-8320-CED324765D79}.Release|iPhoneSimulator.ActiveCfg = Release|Any CPU
		{39D519AF-B4F0-486C-8320-CED324765D79}.Release|iPhoneSimulator.Build.0 = Release|Any CPU
		{39D519AF-B4F0-486C-8320-CED324765D79}.Debug|iPhone.ActiveCfg = Debug|Any CPU
		{39D519AF-B4F0-486C-8320-CED324765D79}.Debug|iPhone.Build.0 = Debug|Any CPU
		{39D519AF-B4F0-486C-8320-CED324765D79}.Release|iPhone.ActiveCfg = Release|Any CPU
		{39D519AF-B4F0-486C-8320-CED324765D79}.Release|iPhone.Build.0 = Release|Any CPU
		{39D519AF-B4F0-486C-8320-CED324765D79}.Ad-Hoc|iPhone.ActiveCfg = Release|Any CPU
		{39D519AF-B4F0-486C-8320-CED324765D79}.Ad-Hoc|iPhone.Build.0 = Release|Any CPU
		{39D519AF-B4F0-486C-8320-CED324765D79}.AppStore|iPhone.ActiveCfg = Release|Any CPU
		{39D519AF-B4F0-486C-8320-CED324765D79}.AppStore|iPhone.Build.0 = Release|Any CPU
		{39D519AF-B4F0-486C-8320-CED324765D79}.Mock|iPhoneSimulator.ActiveCfg = Debug|Any CPU
		{39D519AF-B4F0-486C-8320-CED324765D79}.Mock|iPhoneSimulator.Build.0 = Debug|Any CPU
		{39D519AF-B4F0-486C-8320-CED324765D79}.Mock|iPhone.ActiveCfg = Debug|Any CPU
		{39D519AF-B4F0-486C-8320-CED324765D79}.Mock|iPhone.Build.0 = Debug|Any CPU
		{73A254AA-6308-4847-A9AE-B0DD7C14651E}.Debug|Any CPU.ActiveCfg = Debug|Any CPU
		{73A254AA-6308-4847-A9AE-B0DD7C14651E}.Debug|Any CPU.Build.0 = Debug|Any CPU
		{73A254AA-6308-4847-A9AE-B0DD7C14651E}.Release|Any CPU.ActiveCfg = Release|Any CPU
		{73A254AA-6308-4847-A9AE-B0DD7C14651E}.Release|Any CPU.Build.0 = Release|Any CPU
		{73A254AA-6308-4847-A9AE-B0DD7C14651E}.Mock|Any CPU.ActiveCfg = Debug|Any CPU
		{73A254AA-6308-4847-A9AE-B0DD7C14651E}.Mock|Any CPU.Build.0 = Debug|Any CPU
		{73A254AA-6308-4847-A9AE-B0DD7C14651E}.Debug|iPhoneSimulator.ActiveCfg = Debug|Any CPU
		{73A254AA-6308-4847-A9AE-B0DD7C14651E}.Debug|iPhoneSimulator.Build.0 = Debug|Any CPU
		{73A254AA-6308-4847-A9AE-B0DD7C14651E}.Release|iPhoneSimulator.ActiveCfg = Release|Any CPU
		{73A254AA-6308-4847-A9AE-B0DD7C14651E}.Release|iPhoneSimulator.Build.0 = Release|Any CPU
		{73A254AA-6308-4847-A9AE-B0DD7C14651E}.Debug|iPhone.ActiveCfg = Debug|Any CPU
		{73A254AA-6308-4847-A9AE-B0DD7C14651E}.Debug|iPhone.Build.0 = Debug|Any CPU
		{73A254AA-6308-4847-A9AE-B0DD7C14651E}.Release|iPhone.ActiveCfg = Release|Any CPU
		{73A254AA-6308-4847-A9AE-B0DD7C14651E}.Release|iPhone.Build.0 = Release|Any CPU
		{73A254AA-6308-4847-A9AE-B0DD7C14651E}.Ad-Hoc|iPhone.ActiveCfg = Release|Any CPU
		{73A254AA-6308-4847-A9AE-B0DD7C14651E}.Ad-Hoc|iPhone.Build.0 = Release|Any CPU
		{73A254AA-6308-4847-A9AE-B0DD7C14651E}.AppStore|iPhone.ActiveCfg = Release|Any CPU
		{73A254AA-6308-4847-A9AE-B0DD7C14651E}.AppStore|iPhone.Build.0 = Release|Any CPU
		{73A254AA-6308-4847-A9AE-B0DD7C14651E}.Mock|iPhoneSimulator.ActiveCfg = Debug|Any CPU
		{73A254AA-6308-4847-A9AE-B0DD7C14651E}.Mock|iPhoneSimulator.Build.0 = Debug|Any CPU
		{73A254AA-6308-4847-A9AE-B0DD7C14651E}.Mock|iPhone.ActiveCfg = Debug|Any CPU
		{73A254AA-6308-4847-A9AE-B0DD7C14651E}.Mock|iPhone.Build.0 = Debug|Any CPU
		{4B9885AE-4D3D-4353-B5BE-1D669DB6033D}.Debug|Any CPU.ActiveCfg = Debug|Any CPU
		{4B9885AE-4D3D-4353-B5BE-1D669DB6033D}.Debug|Any CPU.Build.0 = Debug|Any CPU
		{4B9885AE-4D3D-4353-B5BE-1D669DB6033D}.Release|Any CPU.ActiveCfg = Release|Any CPU
		{4B9885AE-4D3D-4353-B5BE-1D669DB6033D}.Release|Any CPU.Build.0 = Release|Any CPU
		{4B9885AE-4D3D-4353-B5BE-1D669DB6033D}.Mock|Any CPU.ActiveCfg = Debug|Any CPU
		{4B9885AE-4D3D-4353-B5BE-1D669DB6033D}.Mock|Any CPU.Build.0 = Debug|Any CPU
		{4B9885AE-4D3D-4353-B5BE-1D669DB6033D}.Debug|iPhoneSimulator.ActiveCfg = Debug|Any CPU
		{4B9885AE-4D3D-4353-B5BE-1D669DB6033D}.Debug|iPhoneSimulator.Build.0 = Debug|Any CPU
		{4B9885AE-4D3D-4353-B5BE-1D669DB6033D}.Release|iPhoneSimulator.ActiveCfg = Release|Any CPU
		{4B9885AE-4D3D-4353-B5BE-1D669DB6033D}.Release|iPhoneSimulator.Build.0 = Release|Any CPU
		{4B9885AE-4D3D-4353-B5BE-1D669DB6033D}.Debug|iPhone.ActiveCfg = Debug|Any CPU
		{4B9885AE-4D3D-4353-B5BE-1D669DB6033D}.Debug|iPhone.Build.0 = Debug|Any CPU
		{4B9885AE-4D3D-4353-B5BE-1D669DB6033D}.Release|iPhone.ActiveCfg = Release|Any CPU
		{4B9885AE-4D3D-4353-B5BE-1D669DB6033D}.Release|iPhone.Build.0 = Release|Any CPU
		{4B9885AE-4D3D-4353-B5BE-1D669DB6033D}.Ad-Hoc|iPhone.ActiveCfg = Debug|Any CPU
		{4B9885AE-4D3D-4353-B5BE-1D669DB6033D}.Ad-Hoc|iPhone.Build.0 = Debug|Any CPU
		{4B9885AE-4D3D-4353-B5BE-1D669DB6033D}.AppStore|iPhone.ActiveCfg = Debug|Any CPU
		{4B9885AE-4D3D-4353-B5BE-1D669DB6033D}.AppStore|iPhone.Build.0 = Debug|Any CPU
		{4B9885AE-4D3D-4353-B5BE-1D669DB6033D}.Mock|iPhoneSimulator.ActiveCfg = Debug|Any CPU
		{4B9885AE-4D3D-4353-B5BE-1D669DB6033D}.Mock|iPhoneSimulator.Build.0 = Debug|Any CPU
		{4B9885AE-4D3D-4353-B5BE-1D669DB6033D}.Mock|iPhone.ActiveCfg = Debug|Any CPU
		{4B9885AE-4D3D-4353-B5BE-1D669DB6033D}.Mock|iPhone.Build.0 = Debug|Any CPU
	EndGlobalSection
EndGlobal
